
Microsoft Visual Studio Solution File, Format Version 12.00
# Visual Studio Version 16
VisualStudioVersion = 16.6.30114.105
MinimumVisualStudioVersion = 10.0.40219.1
Project("{FAE04EC0-301F-11D3-BF4B-00C04F79EFBC}") = "API", "API\API.csproj", "{37336568-46CE-4F9A-BEF8-314317E6F0F5}"
EndProject
Project("{FAE04EC0-301F-11D3-BF4B-00C04F79EFBC}") = "Application", "Application\Application.csproj", "{2EEF3FF7-6777-453E-9952-227339C09E0F}"
EndProject
Project("{FAE04EC0-301F-11D3-BF4B-00C04F79EFBC}") = "Persistence", "Persistence\Persistence.csproj", "{1019C077-1FA1-475B-9CC9-3A2463DD3261}"
EndProject
Project("{FAE04EC0-301F-11D3-BF4B-00C04F79EFBC}") = "Domain", "Domain\Domain.csproj", "{B58E2621-C497-4005-AE41-BF82C6BC8133}"
EndProject
Global
	GlobalSection(SolutionConfigurationPlatforms) = preSolution
		Debug|Any CPU = Debug|Any CPU
		Debug|x64 = Debug|x64
		Debug|x86 = Debug|x86
		Release|Any CPU = Release|Any CPU
		Release|x64 = Release|x64
		Release|x86 = Release|x86
	EndGlobalSection
	GlobalSection(SolutionProperties) = preSolution
		HideSolutionNode = FALSE
	EndGlobalSection
	GlobalSection(ProjectConfigurationPlatforms) = postSolution
		{37336568-46CE-4F9A-BEF8-314317E6F0F5}.Debug|Any CPU.ActiveCfg = Debug|Any CPU
		{37336568-46CE-4F9A-BEF8-314317E6F0F5}.Debug|Any CPU.Build.0 = Debug|Any CPU
		{37336568-46CE-4F9A-BEF8-314317E6F0F5}.Debug|x64.ActiveCfg = Debug|Any CPU
		{37336568-46CE-4F9A-BEF8-314317E6F0F5}.Debug|x64.Build.0 = Debug|Any CPU
		{37336568-46CE-4F9A-BEF8-314317E6F0F5}.Debug|x86.ActiveCfg = Debug|Any CPU
		{37336568-46CE-4F9A-BEF8-314317E6F0F5}.Debug|x86.Build.0 = Debug|Any CPU
		{37336568-46CE-4F9A-BEF8-314317E6F0F5}.Release|Any CPU.ActiveCfg = Release|Any CPU
		{37336568-46CE-4F9A-BEF8-314317E6F0F5}.Release|Any CPU.Build.0 = Release|Any CPU
		{37336568-46CE-4F9A-BEF8-314317E6F0F5}.Release|x64.ActiveCfg = Release|Any CPU
		{37336568-46CE-4F9A-BEF8-314317E6F0F5}.Release|x64.Build.0 = Release|Any CPU
		{37336568-46CE-4F9A-BEF8-314317E6F0F5}.Release|x86.ActiveCfg = Release|Any CPU
		{37336568-46CE-4F9A-BEF8-314317E6F0F5}.Release|x86.Build.0 = Release|Any CPU
		{2EEF3FF7-6777-453E-9952-227339C09E0F}.Debug|Any CPU.ActiveCfg = Debug|Any CPU
		{2EEF3FF7-6777-453E-9952-227339C09E0F}.Debug|Any CPU.Build.0 = Debug|Any CPU
		{2EEF3FF7-6777-453E-9952-227339C09E0F}.Debug|x64.ActiveCfg = Debug|Any CPU
		{2EEF3FF7-6777-453E-9952-227339C09E0F}.Debug|x64.Build.0 = Debug|Any CPU
		{2EEF3FF7-6777-453E-9952-227339C09E0F}.Debug|x86.ActiveCfg = Debug|Any CPU
		{2EEF3FF7-6777-453E-9952-227339C09E0F}.Debug|x86.Build.0 = Debug|Any CPU
		{2EEF3FF7-6777-453E-9952-227339C09E0F}.Release|Any CPU.ActiveCfg = Release|Any CPU
		{2EEF3FF7-6777-453E-9952-227339C09E0F}.Release|Any CPU.Build.0 = Release|Any CPU
		{2EEF3FF7-6777-453E-9952-227339C09E0F}.Release|x64.ActiveCfg = Release|Any CPU
		{2EEF3FF7-6777-453E-9952-227339C09E0F}.Release|x64.Build.0 = Release|Any CPU
		{2EEF3FF7-6777-453E-9952-227339C09E0F}.Release|x86.ActiveCfg = Release|Any CPU
		{2EEF3FF7-6777-453E-9952-227339C09E0F}.Release|x86.Build.0 = Release|Any CPU
		{1019C077-1FA1-475B-9CC9-3A2463DD3261}.Debug|Any CPU.ActiveCfg = Debug|Any CPU
		{1019C077-1FA1-475B-9CC9-3A2463DD3261}.Debug|Any CPU.Build.0 = Debug|Any CPU
		{1019C077-1FA1-475B-9CC9-3A2463DD3261}.Debug|x64.ActiveCfg = Debug|Any CPU
		{1019C077-1FA1-475B-9CC9-3A2463DD3261}.Debug|x64.Build.0 = Debug|Any CPU
		{1019C077-1FA1-475B-9CC9-3A2463DD3261}.Debug|x86.ActiveCfg = Debug|Any CPU
		{1019C077-1FA1-475B-9CC9-3A2463DD3261}.Debug|x86.Build.0 = Debug|Any CPU
		{1019C077-1FA1-475B-9CC9-3A2463DD3261}.Release|Any CPU.ActiveCfg = Release|Any CPU
		{1019C077-1FA1-475B-9CC9-3A2463DD3261}.Release|Any CPU.Build.0 = Release|Any CPU
		{1019C077-1FA1-475B-9CC9-3A2463DD3261}.Release|x64.ActiveCfg = Release|Any CPU
		{1019C077-1FA1-475B-9CC9-3A2463DD3261}.Release|x64.Build.0 = Release|Any CPU
		{1019C077-1FA1-475B-9CC9-3A2463DD3261}.Release|x86.ActiveCfg = Release|Any CPU
		{1019C077-1FA1-475B-9CC9-3A2463DD3261}.Release|x86.Build.0 = Release|Any CPU
		{B58E2621-C497-4005-AE41-BF82C6BC8133}.Debug|Any CPU.ActiveCfg = Debug|Any CPU
		{B58E2621-C497-4005-AE41-BF82C6BC8133}.Debug|Any CPU.Build.0 = Debug|Any CPU
		{B58E2621-C497-4005-AE41-BF82C6BC8133}.Debug|x64.ActiveCfg = Debug|Any CPU
		{B58E2621-C497-4005-AE41-BF82C6BC8133}.Debug|x64.Build.0 = Debug|Any CPU
		{B58E2621-C497-4005-AE41-BF82C6BC8133}.Debug|x86.ActiveCfg = Debug|Any CPU
		{B58E2621-C497-4005-AE41-BF82C6BC8133}.Debug|x86.Build.0 = Debug|Any CPU
		{B58E2621-C497-4005-AE41-BF82C6BC8133}.Release|Any CPU.ActiveCfg = Release|Any CPU
		{B58E2621-C497-4005-AE41-BF82C6BC8133}.Release|Any CPU.Build.0 = Release|Any CPU
		{B58E2621-C497-4005-AE41-BF82C6BC8133}.Release|x64.ActiveCfg = Release|Any CPU
		{B58E2621-C497-4005-AE41-BF82C6BC8133}.Release|x64.Build.0 = Release|Any CPU
		{B58E2621-C497-4005-AE41-BF82C6BC8133}.Release|x86.ActiveCfg = Release|Any CPU
		{B58E2621-C497-4005-AE41-BF82C6BC8133}.Release|x86.Build.0 = Release|Any CPU
	EndGlobalSection
EndGlobal
